{
  "name": "basketball-club-manager",
  "lockfileVersion": 3,
  "requires": true,
  "packages": {
    "": {
      "name": "basketball-club-manager",
      "devDependencies": {
        "daisyui": "^5.0.0"
      }
    },
    "node_modules/daisyui": {
      "version": "5.5.17",
      "resolved": "https://registry.npmjs.org/daisyui/-/daisyui-5.5.17.tgz",
      "integrity": "sha512-Y8QWps/990Epp0Gn+7ReeALSXgwrd3W36waokJvHgqUdYx6t2sj0e1krW3+YqviBa57XTJqHJNTt8HMvcODL2Q==",
      "dev": true,
      "license": "MIT",
      "funding": {
        "url": "https://github.com/saadeghi/daisyui?sponsor=1"
      }
    }
  }
}
